
Microsoft Visual Studio Solution File, Format Version 12.00
# Visual Studio Version 17
VisualStudioVersion = 17.11.35118.90
MinimumVisualStudioVersion = 10.0.40219.1
Project("{FAE04EC0-301F-11D3-BF4B-00C04F79EFBC}") = "ws", "ws.csproj", "{D73A3203-3BD5-43A6-B0DB-F2C9ED440B49}"
EndProject
Global
	GlobalSection(SolutionConfigurationPlatforms) = preSolution
		Debug|Any CPU = Debug|Any CPU
		Release|Any CPU = Release|Any CPU
	EndGlobalSection
	GlobalSection(ProjectConfigurationPlatforms) = postSolution
		{D73A3203-3BD5-43A6-B0DB-F2C9ED440B49}.Debug|Any CPU.ActiveCfg = Debug|Any CPU
		{D73A3203-3BD5-43A6-B0DB-F2C9ED440B49}.Debug|Any CPU.Build.0 = Debug|Any CPU
		{D73A3203-3BD5-43A6-B0DB-F2C9ED440B49}.Release|Any CPU.ActiveCfg = Release|Any CPU
		{D73A3203-3BD5-43A6-B0DB-F2C9ED440B49}.Release|Any CPU.Build.0 = Release|Any CPU
	EndGlobalSection
	GlobalSection(SolutionProperties) = preSolution
		HideSolutionNode = FALSE
	EndGlobalSection
	GlobalSection(ExtensibilityGlobals) = postSolution
		SolutionGuid = {9F5E868A-37FD-4911-9780-DCC3BBC029E0}
	EndGlobalSection
EndGlobal
